
Microsoft Visual Studio Solution File, Format Version 12.00
# Visual Studio 15
VisualStudioVersion = 15.0.27428.2015
MinimumVisualStudioVersion = 10.0.40219.1
Project("{9A19103F-16F7-4668-BE54-9A1E7A4F7556}") = "Pay.Alipay", "Pay.Alipay\Pay.Alipay.csproj", "{DDBBF123-D3DF-47CA-B3C7-9A1BE37C3B46}"
EndProject
Project("{9A19103F-16F7-4668-BE54-9A1E7A4F7556}") = "Pay.Infrastructure", "Pay.Infrastructure\Pay.Infrastructure.csproj", "{1C944A96-4720-4EC4-B62B-DECE70537BA6}"
EndProject
Project("{9A19103F-16F7-4668-BE54-9A1E7A4F7556}") = "Pay.Common", "Pay.Common\Pay.Common.csproj", "{8E4E52CF-6890-4537-92B1-5C65FCD05685}"
EndProject
Project("{9A19103F-16F7-4668-BE54-9A1E7A4F7556}") = "Pay.WeChatPay", "Pay.WeChatPay\Pay.WeChatPay.csproj", "{E1CDE154-7630-49DC-BED9-B11C5B4B3192}"
EndProject
Project("{FAE04EC0-301F-11D3-BF4B-00C04F79EFBC}") = "Pay.Test", "Pay.Test\Pay.Test.csproj", "{C1BEA4DB-5DFC-4BD4-B383-3A1A69B635B9}"
EndProject
Project("{FAE04EC0-301F-11D3-BF4B-00C04F79EFBC}") = "Dome", "Dome\Dome.csproj", "{02AE67BE-7C6B-4178-90CD-1605035B3866}"
EndProject
Global
	GlobalSection(SolutionConfigurationPlatforms) = preSolution
		Debug|Any CPU = Debug|Any CPU
		Release|Any CPU = Release|Any CPU
	EndGlobalSection
	GlobalSection(ProjectConfigurationPlatforms) = postSolution
		{DDBBF123-D3DF-47CA-B3C7-9A1BE37C3B46}.Debug|Any CPU.ActiveCfg = Debug|Any CPU
		{DDBBF123-D3DF-47CA-B3C7-9A1BE37C3B46}.Debug|Any CPU.Build.0 = Debug|Any CPU
		{DDBBF123-D3DF-47CA-B3C7-9A1BE37C3B46}.Release|Any CPU.ActiveCfg = Release|Any CPU
		{DDBBF123-D3DF-47CA-B3C7-9A1BE37C3B46}.Release|Any CPU.Build.0 = Release|Any CPU
		{1C944A96-4720-4EC4-B62B-DECE70537BA6}.Debug|Any CPU.ActiveCfg = Debug|Any CPU
		{1C944A96-4720-4EC4-B62B-DECE70537BA6}.Debug|Any CPU.Build.0 = Debug|Any CPU
		{1C944A96-4720-4EC4-B62B-DECE70537BA6}.Release|Any CPU.ActiveCfg = Release|Any CPU
		{1C944A96-4720-4EC4-B62B-DECE70537BA6}.Release|Any CPU.Build.0 = Release|Any CPU
		{8E4E52CF-6890-4537-92B1-5C65FCD05685}.Debug|Any CPU.ActiveCfg = Debug|Any CPU
		{8E4E52CF-6890-4537-92B1-5C65FCD05685}.Debug|Any CPU.Build.0 = Debug|Any CPU
		{8E4E52CF-6890-4537-92B1-5C65FCD05685}.Release|Any CPU.ActiveCfg = Release|Any CPU
		{8E4E52CF-6890-4537-92B1-5C65FCD05685}.Release|Any CPU.Build.0 = Release|Any CPU
		{E1CDE154-7630-49DC-BED9-B11C5B4B3192}.Debug|Any CPU.ActiveCfg = Debug|Any CPU
		{E1CDE154-7630-49DC-BED9-B11C5B4B3192}.Debug|Any CPU.Build.0 = Debug|Any CPU
		{E1CDE154-7630-49DC-BED9-B11C5B4B3192}.Release|Any CPU.ActiveCfg = Release|Any CPU
		{E1CDE154-7630-49DC-BED9-B11C5B4B3192}.Release|Any CPU.Build.0 = Release|Any CPU
		{C1BEA4DB-5DFC-4BD4-B383-3A1A69B635B9}.Debug|Any CPU.ActiveCfg = Debug|Any CPU
		{C1BEA4DB-5DFC-4BD4-B383-3A1A69B635B9}.Debug|Any CPU.Build.0 = Debug|Any CPU
		{C1BEA4DB-5DFC-4BD4-B383-3A1A69B635B9}.Release|Any CPU.ActiveCfg = Release|Any CPU
		{C1BEA4DB-5DFC-4BD4-B383-3A1A69B635B9}.Release|Any CPU.Build.0 = Release|Any CPU
		{02AE67BE-7C6B-4178-90CD-1605035B3866}.Debug|Any CPU.ActiveCfg = Debug|Any CPU
		{02AE67BE-7C6B-4178-90CD-1605035B3866}.Debug|Any CPU.Build.0 = Debug|Any CPU
		{02AE67BE-7C6B-4178-90CD-1605035B3866}.Release|Any CPU.ActiveCfg = Release|Any CPU
		{02AE67BE-7C6B-4178-90CD-1605035B3866}.Release|Any CPU.Build.0 = Release|Any CPU
	EndGlobalSection
	GlobalSection(SolutionProperties) = preSolution
		HideSolutionNode = FALSE
	EndGlobalSection
	GlobalSection(ExtensibilityGlobals) = postSolution
		SolutionGuid = {FDCEB447-AF8A-422C-ABA3-F8D391968BF4}
	EndGlobalSection
EndGlobal
