
Microsoft Visual Studio Solution File, Format Version 12.00
# Visual Studio 15
VisualStudioVersion = 15.0.27428.2015
MinimumVisualStudioVersion = 10.0.40219.1
Project("{9A19103F-16F7-4668-BE54-9A1E7A4F7556}") = "Pay.Alipay", "Pay.Alipay\Pay.Alipay.csproj", "{DDBBF123-D3DF-47CA-B3C7-9A1BE37C3B46}"
EndProject
Project("{9A19103F-16F7-4668-BE54-9A1E7A4F7556}") = "Pay.Infrastructure", "Pay.Infrastructure\Pay.Infrastructure.csproj", "{1C944A96-4720-4EC4-B62B-DECE70537BA6}"
EndProject
Project("{9A19103F-16F7-4668-BE54-9A1E7A4F7556}") = "Pay.Common", "Pay.Common\Pay.Common.csproj", "{8E4E52CF-6890-4537-92B1-5C65FCD05685}"
EndProject
Global
	GlobalSection(SolutionConfigurationPlatforms) = preSolution
		Debug|Any CPU = Debug|Any CPU
		Release|Any CPU = Release|Any CPU
	EndGlobalSection
	GlobalSection(ProjectConfigurationPlatforms) = postSolution
		{DDBBF123-D3DF-47CA-B3C7-9A1BE37C3B46}.Debug|Any CPU.ActiveCfg = Debug|Any CPU
		{DDBBF123-D3DF-47CA-B3C7-9A1BE37C3B46}.Debug|Any CPU.Build.0 = Debug|Any CPU
		{DDBBF123-D3DF-47CA-B3C7-9A1BE37C3B46}.Release|Any CPU.ActiveCfg = Release|Any CPU
		{DDBBF123-D3DF-47CA-B3C7-9A1BE37C3B46}.Release|Any CPU.Build.0 = Release|Any CPU
		{1C944A96-4720-4EC4-B62B-DECE70537BA6}.Debug|Any CPU.ActiveCfg = Debug|Any CPU
		{1C944A96-4720-4EC4-B62B-DECE70537BA6}.Debug|Any CPU.Build.0 = Debug|Any CPU
		{1C944A96-4720-4EC4-B62B-DECE70537BA6}.Release|Any CPU.ActiveCfg = Release|Any CPU
		{1C944A96-4720-4EC4-B62B-DECE70537BA6}.Release|Any CPU.Build.0 = Release|Any CPU
		{8E4E52CF-6890-4537-92B1-5C65FCD05685}.Debug|Any CPU.ActiveCfg = Debug|Any CPU
		{8E4E52CF-6890-4537-92B1-5C65FCD05685}.Debug|Any CPU.Build.0 = Debug|Any CPU
		{8E4E52CF-6890-4537-92B1-5C65FCD05685}.Release|Any CPU.ActiveCfg = Release|Any CPU
		{8E4E52CF-6890-4537-92B1-5C65FCD05685}.Release|Any CPU.Build.0 = Release|Any CPU
	EndGlobalSection
	GlobalSection(SolutionProperties) = preSolution
		HideSolutionNode = FALSE
	EndGlobalSection
	GlobalSection(ExtensibilityGlobals) = postSolution
		SolutionGuid = {FDCEB447-AF8A-422C-ABA3-F8D391968BF4}
	EndGlobalSection
EndGlobal
